{
  "version": 4,
  "terraform_version": "1.6.3",
  "serial": 727,
  "lineage": "4948dd57-19dd-296c-fa35-382823e2fa60",
  "outputs": {},
  "resources": [
    {
      "module": "module.eks_launch",
      "mode": "data",
      "type": "aws_iam_policy_document",
      "name": "assume_role",
      "provider": "provider[\"registry.terraform.io/hashicorp/aws\"]",
      "instances": [
        {
          "schema_version": 0,
          "attributes": {
            "id": "3552664922",
            "json": "{\n  \"Version\": \"2012-10-17\",\n  \"Statement\": [\n    {\n      \"Effect\": \"Allow\",\n      \"Action\": \"sts:AssumeRole\",\n      \"Principal\": {\n        \"Service\": \"eks.amazonaws.com\"\n      }\n    }\n  ]\n}",
            "override_policy_documents": null,
            "policy_id": null,
            "source_policy_documents": null,
            "statement": [
              {
                "actions": [
                  "sts:AssumeRole"
                ],
                "condition": [],
                "effect": "Allow",
                "not_actions": [],
                "not_principals": [],
                "not_resources": [],
                "principals": [
                  {
                    "identifiers": [
                      "eks.amazonaws.com"
                    ],
                    "type": "Service"
                  }
                ],
                "resources": [],
                "sid": ""
              }
            ],
            "version": "2012-10-17"
          },
          "sensitive_attributes": []
        }
      ]
    },
    {
      "module": "module.eks_launch",
      "mode": "managed",
      "type": "aws_eks_cluster",
      "name": "first",
      "provider": "provider[\"registry.terraform.io/hashicorp/aws\"]",
      "instances": [
        {
          "schema_version": 0,
          "attributes": {
            "arn": "arn:aws:eks:ap-southeast-1:692107548034:cluster/anuvind_eks_cluster",
            "certificate_authority": [
              {
                "data": "LS0tLS1CRUdJTiBDRVJUSUZJQ0FURS0tLS0tCk1JSURCVENDQWUyZ0F3SUJBZ0lJSUZObHI3cFRTNzR3RFFZSktvWklodmNOQVFFTEJRQXdGVEVUTUJFR0ExVUUKQXhNS2EzVmlaWEp1WlhSbGN6QWVGdzB5TXpFeE1UQXhNakl3TXpsYUZ3MHpNekV4TURjeE1qSTFNemxhTUJVeApFekFSQmdOVkJBTVRDbXQxWW1WeWJtVjBaWE13Z2dFaU1BMEdDU3FHU0liM0RRRUJBUVVBQTRJQkR3QXdnZ0VLCkFvSUJBUUNpajNJd1pmcWRuUlpnblg2cUFZdXd5T3Z1OUoxcGV2R0I0WllGdzFScXY5cGRFK3ovb1FGL1pvTDMKa2o4S0RxOCt1Zjlyalh6VjZmYUhmYXNXOXdJZ25IcWN3eEtwZ0MzVFZwZUFpTUd5eEQzT1h3TWUxOHZvTmhKawptYmtJOE43eUNzS1lVUDVCSlNoZlNKSFEyTDU3V0VFZXBJcXNiYVdDZVJoUzh4U0VIa0xWQmxNaDR0bTBKUkJkCjZEZHpKN2xTM1VQN0pVd3B1L1J2RTc2RFh4dDZVWVZoZHVST1cxV2JCRjViR1dDc3RxZ0ZmRzFMQjRxZnJneUIKN0hYbWhoSWMwbThsa3FlYjhTNThLWUNZTjIzTjlPMWlFNTBBKzJzOW1iVTVhQWpya0ZNWHA2UllhOXZHNUZnMApaUXRxSDlleWwwb28wVEx3MTZpdGp0UHF3cTlGQWdNQkFBR2pXVEJYTUE0R0ExVWREd0VCL3dRRUF3SUNwREFQCkJnTlZIUk1CQWY4RUJUQURBUUgvTUIwR0ExVWREZ1FXQkJTZGdzanNuVDJISDNkcnhUcStWQ1dpVjJFZDlUQVYKQmdOVkhSRUVEakFNZ2dwcmRXSmxjbTVsZEdWek1BMEdDU3FHU0liM0RRRUJDd1VBQTRJQkFRQjVCZkNqTnJyRApNcEZ2NmNPMVFCNEdLNzFlVE5WNnNzQ1lybmhyRkZObUlzWnQ1OXFqZmlwOUtUMVIydk52R1hwbzl0NVhiRkJXCjdyNXpFMHY4bFhrOG9NMEVXVjhtTDFKOVBzc0xvUHVXZTBOclgyakFCYi9pVDRYdzRhQk5JamN4S2tVRjRJaU8KQTNNRHZ4OXJLZXVzYkhGc2FSTEZYdVdNeElWYjZ5R2YzQm9VOHpCY3VRTzJPemFxa1NqMDRLMi9CM1E0WEgrdgpSSndTenREcmwvd1dyT2FSUkFuWWpCeUZlU29DeVgyWm8rZEJ0WGRuWVYvZm1wbi85VWNPVlMrTERZRjZYbzYyCjF2MUV6ZmZUNjhXYWZsRlhtcFpUdFdyamdQTmtpU25CQU9WSVV6NFMweEhKNGtjZ3pUMmJIZTNmeE1GWjdpN1cKaHRrMHBIMUtEbVNkCi0tLS0tRU5EIENFUlRJRklDQVRFLS0tLS0K"
              }
            ],
            "cluster_id": null,
            "created_at": "2023-11-10 12:21:35.995 +0000 UTC",
            "enabled_cluster_log_types": [],
            "encryption_config": [],
            "endpoint": "https://72C03688CF9E396FB68E220591980273.gr7.ap-southeast-1.eks.amazonaws.com",
            "id": "anuvind_eks_cluster",
            "identity": [
              {
                "oidc": [
                  {
                    "issuer": "https://oidc.eks.ap-southeast-1.amazonaws.com/id/72C03688CF9E396FB68E220591980273"
                  }
                ]
              }
            ],
            "kubernetes_network_config": [
              {
                "ip_family": "ipv4",
                "service_ipv4_cidr": "172.20.0.0/16",
                "service_ipv6_cidr": ""
              }
            ],
            "name": "anuvind_eks_cluster",
            "outpost_config": [],
            "platform_version": "eks.4",
            "role_arn": "arn:aws:iam::692107548034:role/anuvind_eks-trial-cluster-role",
            "status": "ACTIVE",
            "tags": {},
            "tags_all": {},
            "timeouts": null,
            "version": "1.28",
            "vpc_config": [
              {
                "cluster_security_group_id": "sg-015332ca128ab89ea",
                "endpoint_private_access": false,
                "endpoint_public_access": true,
                "public_access_cidrs": [
                  "0.0.0.0/0"
                ],
                "security_group_ids": [],
                "subnet_ids": [
                  "subnet-04126f5dd58a7e10f",
                  "subnet-0b448c0ccbab057bb"
                ],
                "vpc_id": "vpc-0b6d62942fef65a24"
              }
            ]
          },
          "sensitive_attributes": [],
          "private": "eyJlMmJmYjczMC1lY2FhLTExZTYtOGY4OC0zNDM2M2JjN2M0YzAiOnsiY3JlYXRlIjoxODAwMDAwMDAwMDAwLCJkZWxldGUiOjkwMDAwMDAwMDAwMCwidXBkYXRlIjozNjAwMDAwMDAwMDAwfX0=",
          "dependencies": [
            "module.eks_launch.aws_iam_role.role_cluster",
            "module.eks_launch.data.aws_iam_policy_document.assume_role",
            "module.vpc_launch.aws_subnet.eks_pubsubnet",
            "module.vpc_launch.aws_vpc.vpc_eks_learn"
          ]
        }
      ]
    },
    {
      "module": "module.eks_launch",
      "mode": "managed",
      "type": "aws_iam_role",
      "name": "role_cluster",
      "provider": "provider[\"registry.terraform.io/hashicorp/aws\"]",
      "instances": [
        {
          "schema_version": 0,
          "attributes": {
            "arn": "arn:aws:iam::692107548034:role/anuvind_eks-trial-cluster-role",
            "assume_role_policy": "{\"Statement\":[{\"Action\":\"sts:AssumeRole\",\"Effect\":\"Allow\",\"Principal\":{\"Service\":\"eks.amazonaws.com\"}}],\"Version\":\"2012-10-17\"}",
            "create_date": "2023-11-10T11:55:14Z",
            "description": "",
            "force_detach_policies": false,
            "id": "anuvind_eks-trial-cluster-role",
            "inline_policy": [],
            "managed_policy_arns": [
              "arn:aws:iam::aws:policy/AmazonEKSClusterPolicy",
              "arn:aws:iam::aws:policy/AmazonEKSVPCResourceController"
            ],
            "max_session_duration": 3600,
            "name": "anuvind_eks-trial-cluster-role",
            "name_prefix": "",
            "path": "/",
            "permissions_boundary": "",
            "tags": {},
            "tags_all": {},
            "unique_id": "AROA2CJGTCWBOPXNO6OUX"
          },
          "sensitive_attributes": [],
          "private": "bnVsbA==",
          "dependencies": [
            "module.eks_launch.data.aws_iam_policy_document.assume_role"
          ]
        }
      ]
    },
    {
      "module": "module.node_launch",
      "mode": "managed",
      "type": "aws_eks_node_group",
      "name": "eks-node",
      "provider": "provider[\"registry.terraform.io/hashicorp/aws\"]",
      "instances": [
        {
          "schema_version": 0,
          "attributes": {
            "ami_type": "AL2_x86_64",
            "arn": "arn:aws:eks:ap-southeast-1:692107548034:nodegroup/anuvind_eks_cluster/eks-node/0ac5dc9a-3d82-7913-0022-f0c285f48dec",
            "capacity_type": "ON_DEMAND",
            "cluster_name": "anuvind_eks_cluster",
            "disk_size": 20,
            "force_update_version": null,
            "id": "anuvind_eks_cluster:eks-node",
            "instance_types": [
              "t2.small"
            ],
            "labels": {},
            "launch_template": [],
            "node_group_name": "eks-node",
            "node_group_name_prefix": "",
            "node_role_arn": "arn:aws:iam::692107548034:role/anuvind_eks-node-group-role",
            "release_version": "1.28.3-20231106",
            "remote_access": [],
            "resources": [
              {
                "autoscaling_groups": [
                  {
                    "name": "eks-eks-node-0ac5dc9a-3d82-7913-0022-f0c285f48dec"
                  }
                ],
                "remote_access_security_group_id": ""
              }
            ],
            "scaling_config": [
              {
                "desired_size": 1,
                "max_size": 2,
                "min_size": 1
              }
            ],
            "status": "ACTIVE",
            "subnet_ids": [
              "subnet-04126f5dd58a7e10f",
              "subnet-0b448c0ccbab057bb"
            ],
            "tags": {},
            "tags_all": {},
            "taint": [],
            "timeouts": null,
            "update_config": [
              {
                "max_unavailable": 1,
                "max_unavailable_percentage": 0
              }
            ],
            "version": "1.28"
          },
          "sensitive_attributes": [],
          "private": "eyJlMmJmYjczMC1lY2FhLTExZTYtOGY4OC0zNDM2M2JjN2M0YzAiOnsiY3JlYXRlIjozNjAwMDAwMDAwMDAwLCJkZWxldGUiOjM2MDAwMDAwMDAwMDAsInVwZGF0ZSI6MzYwMDAwMDAwMDAwMH19",
          "dependencies": [
            "module.eks_launch.aws_eks_cluster.first",
            "module.eks_launch.aws_iam_role.role_cluster",
            "module.eks_launch.data.aws_iam_policy_document.assume_role",
            "module.node_launch.aws_iam_role.node-rule",
            "module.node_launch.aws_iam_role_policy_attachment.AmazonEC2ContainerRegistryReadOnly",
            "module.node_launch.aws_iam_role_policy_attachment.AmazonEKSWorkerNodePolicy",
            "module.node_launch.aws_iam_role_policy_attachment.AmazonEKS_CNI_Policy",
            "module.vpc_launch.aws_subnet.eks_pubsubnet",
            "module.vpc_launch.aws_vpc.vpc_eks_learn"
          ]
        }
      ]
    },
    {
      "module": "module.node_launch",
      "mode": "managed",
      "type": "aws_iam_role",
      "name": "node-rule",
      "provider": "provider[\"registry.terraform.io/hashicorp/aws\"]",
      "instances": [
        {
          "schema_version": 0,
          "attributes": {
            "arn": "arn:aws:iam::692107548034:role/anuvind_eks-node-group-role",
            "assume_role_policy": "{\"Statement\":[{\"Action\":\"sts:AssumeRole\",\"Effect\":\"Allow\",\"Principal\":{\"Service\":\"ec2.amazonaws.com\"}}],\"Version\":\"2012-10-17\"}",
            "create_date": "2023-11-10T11:55:14Z",
            "description": "",
            "force_detach_policies": false,
            "id": "anuvind_eks-node-group-role",
            "inline_policy": [],
            "managed_policy_arns": [
              "arn:aws:iam::aws:policy/AmazonEC2ContainerRegistryReadOnly",
              "arn:aws:iam::aws:policy/AmazonEKSWorkerNodePolicy",
              "arn:aws:iam::aws:policy/AmazonEKS_CNI_Policy"
            ],
            "max_session_duration": 3600,
            "name": "anuvind_eks-node-group-role",
            "name_prefix": "",
            "path": "/",
            "permissions_boundary": "",
            "tags": {},
            "tags_all": {},
            "unique_id": "AROA2CJGTCWBASENTBWSP"
          },
          "sensitive_attributes": [],
          "private": "bnVsbA=="
        }
      ]
    },
    {
      "module": "module.node_launch",
      "mode": "managed",
      "type": "aws_iam_role_policy_attachment",
      "name": "AmazonEC2ContainerRegistryReadOnly",
      "provider": "provider[\"registry.terraform.io/hashicorp/aws\"]",
      "instances": [
        {
          "schema_version": 0,
          "attributes": {
            "id": "anuvind_eks-node-group-role-20231110115515961900000003",
            "policy_arn": "arn:aws:iam::aws:policy/AmazonEC2ContainerRegistryReadOnly",
            "role": "anuvind_eks-node-group-role"
          },
          "sensitive_attributes": [],
          "private": "bnVsbA==",
          "dependencies": [
            "module.node_launch.aws_iam_role.node-rule"
          ]
        }
      ]
    },
    {
      "module": "module.node_launch",
      "mode": "managed",
      "type": "aws_iam_role_policy_attachment",
      "name": "AmazonEKSWorkerNodePolicy",
      "provider": "provider[\"registry.terraform.io/hashicorp/aws\"]",
      "instances": [
        {
          "schema_version": 0,
          "attributes": {
            "id": "anuvind_eks-node-group-role-20231110115516286700000005",
            "policy_arn": "arn:aws:iam::aws:policy/AmazonEKSWorkerNodePolicy",
            "role": "anuvind_eks-node-group-role"
          },
          "sensitive_attributes": [],
          "private": "bnVsbA==",
          "dependencies": [
            "module.node_launch.aws_iam_role.node-rule"
          ]
        }
      ]
    },
    {
      "module": "module.node_launch",
      "mode": "managed",
      "type": "aws_iam_role_policy_attachment",
      "name": "AmazonEKS_CNI_Policy",
      "provider": "provider[\"registry.terraform.io/hashicorp/aws\"]",
      "instances": [
        {
          "schema_version": 0,
          "attributes": {
            "id": "anuvind_eks-node-group-role-20231110115516285500000004",
            "policy_arn": "arn:aws:iam::aws:policy/AmazonEKS_CNI_Policy",
            "role": "anuvind_eks-node-group-role"
          },
          "sensitive_attributes": [],
          "private": "bnVsbA==",
          "dependencies": [
            "module.node_launch.aws_iam_role.node-rule"
          ]
        }
      ]
    },
    {
      "module": "module.vpc_launch",
      "mode": "managed",
      "type": "aws_internet_gateway",
      "name": "EKS_gateway",
      "provider": "provider[\"registry.terraform.io/hashicorp/aws\"]",
      "instances": [
        {
          "schema_version": 0,
          "attributes": {
            "arn": "arn:aws:ec2:ap-southeast-1:692107548034:internet-gateway/igw-0a78b1e3e0d880c69",
            "id": "igw-0a78b1e3e0d880c69",
            "owner_id": "692107548034",
            "tags": {
              "Name": "anuvind_igw"
            },
            "tags_all": {
              "Name": "anuvind_igw"
            },
            "timeouts": null,
            "vpc_id": "vpc-0b6d62942fef65a24"
          },
          "sensitive_attributes": [],
          "private": "eyJlMmJmYjczMC1lY2FhLTExZTYtOGY4OC0zNDM2M2JjN2M0YzAiOnsiY3JlYXRlIjoxMjAwMDAwMDAwMDAwLCJkZWxldGUiOjEyMDAwMDAwMDAwMDAsInVwZGF0ZSI6MTIwMDAwMDAwMDAwMH19",
          "dependencies": [
            "module.vpc_launch.aws_vpc.vpc_eks_learn"
          ]
        }
      ]
    },
    {
      "module": "module.vpc_launch",
      "mode": "managed",
      "type": "aws_subnet",
      "name": "eks_pubsubnet",
      "provider": "provider[\"registry.terraform.io/hashicorp/aws\"]",
      "instances": [
        {
          "index_key": 0,
          "schema_version": 1,
          "attributes": {
            "arn": "arn:aws:ec2:ap-southeast-1:692107548034:subnet/subnet-04126f5dd58a7e10f",
            "assign_ipv6_address_on_creation": false,
            "availability_zone": "ap-southeast-1a",
            "availability_zone_id": "apse1-az1",
            "cidr_block": "10.5.1.0/24",
            "customer_owned_ipv4_pool": "",
            "enable_dns64": false,
            "enable_lni_at_device_index": 0,
            "enable_resource_name_dns_a_record_on_launch": false,
            "enable_resource_name_dns_aaaa_record_on_launch": false,
            "id": "subnet-04126f5dd58a7e10f",
            "ipv6_cidr_block": "",
            "ipv6_cidr_block_association_id": "",
            "ipv6_native": false,
            "map_customer_owned_ip_on_launch": false,
            "map_public_ip_on_launch": true,
            "outpost_arn": "",
            "owner_id": "692107548034",
            "private_dns_hostname_type_on_launch": "ip-name",
            "tags": {
              "Name": "anuvind_vpc_1"
            },
            "tags_all": {
              "Name": "anuvind_vpc_1"
            },
            "timeouts": null,
            "vpc_id": "vpc-0b6d62942fef65a24"
          },
          "sensitive_attributes": [],
          "private": "eyJlMmJmYjczMC1lY2FhLTExZTYtOGY4OC0zNDM2M2JjN2M0YzAiOnsiY3JlYXRlIjo2MDAwMDAwMDAwMDAsImRlbGV0ZSI6MTIwMDAwMDAwMDAwMH0sInNjaGVtYV92ZXJzaW9uIjoiMSJ9",
          "dependencies": [
            "module.vpc_launch.aws_vpc.vpc_eks_learn"
          ]
        },
        {
          "index_key": 1,
          "schema_version": 1,
          "attributes": {
            "arn": "arn:aws:ec2:ap-southeast-1:692107548034:subnet/subnet-0b448c0ccbab057bb",
            "assign_ipv6_address_on_creation": false,
            "availability_zone": "ap-southeast-1b",
            "availability_zone_id": "apse1-az2",
            "cidr_block": "10.5.2.0/24",
            "customer_owned_ipv4_pool": "",
            "enable_dns64": false,
            "enable_lni_at_device_index": 0,
            "enable_resource_name_dns_a_record_on_launch": false,
            "enable_resource_name_dns_aaaa_record_on_launch": false,
            "id": "subnet-0b448c0ccbab057bb",
            "ipv6_cidr_block": "",
            "ipv6_cidr_block_association_id": "",
            "ipv6_native": false,
            "map_customer_owned_ip_on_launch": false,
            "map_public_ip_on_launch": true,
            "outpost_arn": "",
            "owner_id": "692107548034",
            "private_dns_hostname_type_on_launch": "ip-name",
            "tags": {
              "Name": "anuvind_vpc_2"
            },
            "tags_all": {
              "Name": "anuvind_vpc_2"
            },
            "timeouts": null,
            "vpc_id": "vpc-0b6d62942fef65a24"
          },
          "sensitive_attributes": [],
          "private": "eyJlMmJmYjczMC1lY2FhLTExZTYtOGY4OC0zNDM2M2JjN2M0YzAiOnsiY3JlYXRlIjo2MDAwMDAwMDAwMDAsImRlbGV0ZSI6MTIwMDAwMDAwMDAwMH0sInNjaGVtYV92ZXJzaW9uIjoiMSJ9",
          "dependencies": [
            "module.vpc_launch.aws_vpc.vpc_eks_learn"
          ]
        }
      ]
    },
    {
      "module": "module.vpc_launch",
      "mode": "managed",
      "type": "aws_vpc",
      "name": "vpc_eks_learn",
      "provider": "provider[\"registry.terraform.io/hashicorp/aws\"]",
      "instances": [
        {
          "schema_version": 1,
          "attributes": {
            "arn": "arn:aws:ec2:ap-southeast-1:692107548034:vpc/vpc-0b6d62942fef65a24",
            "assign_generated_ipv6_cidr_block": false,
            "cidr_block": "10.5.0.0/16",
            "default_network_acl_id": "acl-0a0904f7f7dc9d08b",
            "default_route_table_id": "rtb-069e6b1444d69bfc1",
            "default_security_group_id": "sg-0d7b7884ed8cc7f42",
            "dhcp_options_id": "dopt-beaaa5d9",
            "enable_dns_hostnames": false,
            "enable_dns_support": true,
            "enable_network_address_usage_metrics": false,
            "id": "vpc-0b6d62942fef65a24",
            "instance_tenancy": "default",
            "ipv4_ipam_pool_id": null,
            "ipv4_netmask_length": null,
            "ipv6_association_id": "",
            "ipv6_cidr_block": "",
            "ipv6_cidr_block_network_border_group": "",
            "ipv6_ipam_pool_id": "",
            "ipv6_netmask_length": 0,
            "main_route_table_id": "rtb-069e6b1444d69bfc1",
            "owner_id": "692107548034",
            "tags": {
              "Name": "anuvind_vpc"
            },
            "tags_all": {
              "Name": "anuvind_vpc"
            }
          },
          "sensitive_attributes": [],
          "private": "eyJzY2hlbWFfdmVyc2lvbiI6IjEifQ=="
        }
      ]
    }
  ],
  "check_results": null
}
