{
  "version": 4,
  "terraform_version": "1.6.3",
  "serial": 712,
  "lineage": "4948dd57-19dd-296c-fa35-382823e2fa60",
  "outputs": {},
  "resources": [
    {
      "module": "module.ec2_testing",
      "mode": "managed",
      "type": "aws_instance",
      "name": "eks_terra_nat_inst",
      "provider": "provider[\"registry.terraform.io/hashicorp/aws\"]",
      "instances": [
        {
          "schema_version": 1,
          "attributes": {
            "ami": "ami-078c1149d8ad719a7",
            "arn": "arn:aws:ec2:ap-southeast-1:692107548034:instance/i-0b0e08b9701c80fbf",
            "associate_public_ip_address": false,
            "availability_zone": "ap-southeast-1a",
            "capacity_reservation_specification": [
              {
                "capacity_reservation_preference": "open",
                "capacity_reservation_target": []
              }
            ],
            "cpu_core_count": 1,
            "cpu_options": [
              {
                "amd_sev_snp": "",
                "core_count": 1,
                "threads_per_core": 1
              }
            ],
            "cpu_threads_per_core": 1,
            "credit_specification": [
              {
                "cpu_credits": "standard"
              }
            ],
            "disable_api_stop": false,
            "disable_api_termination": false,
            "ebs_block_device": [],
            "ebs_optimized": false,
            "enclave_options": [
              {
                "enabled": false
              }
            ],
            "ephemeral_block_device": [],
            "get_password_data": false,
            "hibernation": false,
            "host_id": "",
            "host_resource_group_arn": null,
            "iam_instance_profile": "",
            "id": "i-0b0e08b9701c80fbf",
            "instance_initiated_shutdown_behavior": "stop",
            "instance_lifecycle": "",
            "instance_market_options": [],
            "instance_state": "running",
            "instance_type": "t2.micro",
            "ipv6_address_count": 0,
            "ipv6_addresses": [],
            "key_name": "anuvind_key_1",
            "launch_template": [],
            "maintenance_options": [
              {
                "auto_recovery": "default"
              }
            ],
            "metadata_options": [
              {
                "http_endpoint": "enabled",
                "http_protocol_ipv6": "disabled",
                "http_put_response_hop_limit": 1,
                "http_tokens": "optional",
                "instance_metadata_tags": "disabled"
              }
            ],
            "monitoring": false,
            "network_interface": [],
            "outpost_arn": "",
            "password_data": "",
            "placement_group": "",
            "placement_partition_number": 0,
            "primary_network_interface_id": "eni-08c8a8cc70c0e13fe",
            "private_dns": "ip-10-5-3-205.ap-southeast-1.compute.internal",
            "private_dns_name_options": [
              {
                "enable_resource_name_dns_a_record": false,
                "enable_resource_name_dns_aaaa_record": false,
                "hostname_type": "ip-name"
              }
            ],
            "private_ip": "10.5.3.205",
            "public_dns": "",
            "public_ip": "",
            "root_block_device": [
              {
                "delete_on_termination": true,
                "device_name": "/dev/sda1",
                "encrypted": false,
                "iops": 100,
                "kms_key_id": "",
                "tags": {},
                "throughput": 0,
                "volume_id": "vol-0b8307ee67849bc60",
                "volume_size": 8,
                "volume_type": "gp2"
              }
            ],
            "secondary_private_ips": [],
            "security_groups": [],
            "source_dest_check": true,
            "spot_instance_request_id": "",
            "subnet_id": "subnet-05549b98c926245cf",
            "tags": {
              "Name": "anuvind_nat_test_inst_inPrivate"
            },
            "tags_all": {
              "Name": "anuvind_nat_test_inst_inPrivate"
            },
            "tenancy": "default",
            "timeouts": null,
            "user_data": "f23031271c5b8b0336cafb86a67107e26612c3fd",
            "user_data_base64": null,
            "user_data_replace_on_change": false,
            "volume_tags": null,
            "vpc_security_group_ids": [
              "sg-0521ca275b6cb8640"
            ]
          },
          "sensitive_attributes": [],
          "private": "eyJlMmJmYjczMC1lY2FhLTExZTYtOGY4OC0zNDM2M2JjN2M0YzAiOnsiY3JlYXRlIjo2MDAwMDAwMDAwMDAsImRlbGV0ZSI6MTIwMDAwMDAwMDAwMCwidXBkYXRlIjo2MDAwMDAwMDAwMDB9LCJzY2hlbWFfdmVyc2lvbiI6IjEifQ==",
          "dependencies": [
            "module.ec2_testing.aws_security_group.anuvind-test_nat_instance_sg",
            "module.nat_ec2_launch.aws_instance.eks_terra_nat_inst",
            "module.vpc_launch.aws_network_interface.public_instance_network_interface",
            "module.vpc_launch.aws_security_group.nat_instance_sg",
            "module.vpc_launch.aws_subnet.eks_privsubnet",
            "module.vpc_launch.aws_subnet.eks_pubsubnet",
            "module.vpc_launch.aws_vpc.vpc_eks_learn"
          ]
        }
      ]
    },
    {
      "module": "module.ec2_testing",
      "mode": "managed",
      "type": "aws_security_group",
      "name": "anuvind-test_nat_instance_sg",
      "provider": "provider[\"registry.terraform.io/hashicorp/aws\"]",
      "instances": [
        {
          "schema_version": 1,
          "attributes": {
            "arn": "arn:aws:ec2:ap-southeast-1:692107548034:security-group/sg-0521ca275b6cb8640",
            "description": "test-Security group for NAT instance",
            "egress": [
              {
                "cidr_blocks": [
                  "0.0.0.0/0"
                ],
                "description": "",
                "from_port": 0,
                "ipv6_cidr_blocks": [],
                "prefix_list_ids": [],
                "protocol": "-1",
                "security_groups": [],
                "self": false,
                "to_port": 0
              }
            ],
            "id": "sg-0521ca275b6cb8640",
            "ingress": [
              {
                "cidr_blocks": [
                  "0.0.0.0/0"
                ],
                "description": "",
                "from_port": 22,
                "ipv6_cidr_blocks": [],
                "prefix_list_ids": [],
                "protocol": "tcp",
                "security_groups": [],
                "self": false,
                "to_port": 22
              },
              {
                "cidr_blocks": [
                  "0.0.0.0/0"
                ],
                "description": "",
                "from_port": 443,
                "ipv6_cidr_blocks": [],
                "prefix_list_ids": [],
                "protocol": "tcp",
                "security_groups": [],
                "self": false,
                "to_port": 443
              },
              {
                "cidr_blocks": [
                  "0.0.0.0/0"
                ],
                "description": "",
                "from_port": 5432,
                "ipv6_cidr_blocks": [],
                "prefix_list_ids": [],
                "protocol": "tcp",
                "security_groups": [],
                "self": false,
                "to_port": 5432
              },
              {
                "cidr_blocks": [
                  "0.0.0.0/0"
                ],
                "description": "",
                "from_port": 8000,
                "ipv6_cidr_blocks": [],
                "prefix_list_ids": [],
                "protocol": "tcp",
                "security_groups": [],
                "self": false,
                "to_port": 8000
              },
              {
                "cidr_blocks": [
                  "0.0.0.0/0"
                ],
                "description": "",
                "from_port": 80,
                "ipv6_cidr_blocks": [],
                "prefix_list_ids": [],
                "protocol": "tcp",
                "security_groups": [],
                "self": false,
                "to_port": 80
              }
            ],
            "name": "anuvind-test-anuvind_nat-instance-sg",
            "name_prefix": "",
            "owner_id": "692107548034",
            "revoke_rules_on_delete": false,
            "tags": {},
            "tags_all": {},
            "timeouts": null,
            "vpc_id": "vpc-0b6d62942fef65a24"
          },
          "sensitive_attributes": [],
          "private": "eyJlMmJmYjczMC1lY2FhLTExZTYtOGY4OC0zNDM2M2JjN2M0YzAiOnsiY3JlYXRlIjo2MDAwMDAwMDAwMDAsImRlbGV0ZSI6OTAwMDAwMDAwMDAwfSwic2NoZW1hX3ZlcnNpb24iOiIxIn0=",
          "dependencies": [
            "module.vpc_launch.aws_vpc.vpc_eks_learn"
          ]
        }
      ]
    },
    {
      "module": "module.eks_launch",
      "mode": "data",
      "type": "aws_iam_policy_document",
      "name": "assume_role",
      "provider": "provider[\"registry.terraform.io/hashicorp/aws\"]",
      "instances": [
        {
          "schema_version": 0,
          "attributes": {
            "id": "3552664922",
            "json": "{\n  \"Version\": \"2012-10-17\",\n  \"Statement\": [\n    {\n      \"Effect\": \"Allow\",\n      \"Action\": \"sts:AssumeRole\",\n      \"Principal\": {\n        \"Service\": \"eks.amazonaws.com\"\n      }\n    }\n  ]\n}",
            "override_policy_documents": null,
            "policy_id": null,
            "source_policy_documents": null,
            "statement": [
              {
                "actions": [
                  "sts:AssumeRole"
                ],
                "condition": [],
                "effect": "Allow",
                "not_actions": [],
                "not_principals": [],
                "not_resources": [],
                "principals": [
                  {
                    "identifiers": [
                      "eks.amazonaws.com"
                    ],
                    "type": "Service"
                  }
                ],
                "resources": [],
                "sid": ""
              }
            ],
            "version": "2012-10-17"
          },
          "sensitive_attributes": []
        }
      ]
    },
    {
      "module": "module.eks_launch",
      "mode": "managed",
      "type": "aws_eks_cluster",
      "name": "first",
      "provider": "provider[\"registry.terraform.io/hashicorp/aws\"]",
      "instances": [
        {
          "schema_version": 0,
          "attributes": {
            "arn": "arn:aws:eks:ap-southeast-1:692107548034:cluster/anuvind_eks_cluster",
            "certificate_authority": [
              {
                "data": "LS0tLS1CRUdJTiBDRVJUSUZJQ0FURS0tLS0tCk1JSURCVENDQWUyZ0F3SUJBZ0lJSUZObHI3cFRTNzR3RFFZSktvWklodmNOQVFFTEJRQXdGVEVUTUJFR0ExVUUKQXhNS2EzVmlaWEp1WlhSbGN6QWVGdzB5TXpFeE1UQXhNakl3TXpsYUZ3MHpNekV4TURjeE1qSTFNemxhTUJVeApFekFSQmdOVkJBTVRDbXQxWW1WeWJtVjBaWE13Z2dFaU1BMEdDU3FHU0liM0RRRUJBUVVBQTRJQkR3QXdnZ0VLCkFvSUJBUUNpajNJd1pmcWRuUlpnblg2cUFZdXd5T3Z1OUoxcGV2R0I0WllGdzFScXY5cGRFK3ovb1FGL1pvTDMKa2o4S0RxOCt1Zjlyalh6VjZmYUhmYXNXOXdJZ25IcWN3eEtwZ0MzVFZwZUFpTUd5eEQzT1h3TWUxOHZvTmhKawptYmtJOE43eUNzS1lVUDVCSlNoZlNKSFEyTDU3V0VFZXBJcXNiYVdDZVJoUzh4U0VIa0xWQmxNaDR0bTBKUkJkCjZEZHpKN2xTM1VQN0pVd3B1L1J2RTc2RFh4dDZVWVZoZHVST1cxV2JCRjViR1dDc3RxZ0ZmRzFMQjRxZnJneUIKN0hYbWhoSWMwbThsa3FlYjhTNThLWUNZTjIzTjlPMWlFNTBBKzJzOW1iVTVhQWpya0ZNWHA2UllhOXZHNUZnMApaUXRxSDlleWwwb28wVEx3MTZpdGp0UHF3cTlGQWdNQkFBR2pXVEJYTUE0R0ExVWREd0VCL3dRRUF3SUNwREFQCkJnTlZIUk1CQWY4RUJUQURBUUgvTUIwR0ExVWREZ1FXQkJTZGdzanNuVDJISDNkcnhUcStWQ1dpVjJFZDlUQVYKQmdOVkhSRUVEakFNZ2dwcmRXSmxjbTVsZEdWek1BMEdDU3FHU0liM0RRRUJDd1VBQTRJQkFRQjVCZkNqTnJyRApNcEZ2NmNPMVFCNEdLNzFlVE5WNnNzQ1lybmhyRkZObUlzWnQ1OXFqZmlwOUtUMVIydk52R1hwbzl0NVhiRkJXCjdyNXpFMHY4bFhrOG9NMEVXVjhtTDFKOVBzc0xvUHVXZTBOclgyakFCYi9pVDRYdzRhQk5JamN4S2tVRjRJaU8KQTNNRHZ4OXJLZXVzYkhGc2FSTEZYdVdNeElWYjZ5R2YzQm9VOHpCY3VRTzJPemFxa1NqMDRLMi9CM1E0WEgrdgpSSndTenREcmwvd1dyT2FSUkFuWWpCeUZlU29DeVgyWm8rZEJ0WGRuWVYvZm1wbi85VWNPVlMrTERZRjZYbzYyCjF2MUV6ZmZUNjhXYWZsRlhtcFpUdFdyamdQTmtpU25CQU9WSVV6NFMweEhKNGtjZ3pUMmJIZTNmeE1GWjdpN1cKaHRrMHBIMUtEbVNkCi0tLS0tRU5EIENFUlRJRklDQVRFLS0tLS0K"
              }
            ],
            "cluster_id": null,
            "created_at": "2023-11-10 12:21:35.995 +0000 UTC",
            "enabled_cluster_log_types": null,
            "encryption_config": [],
            "endpoint": "https://72C03688CF9E396FB68E220591980273.gr7.ap-southeast-1.eks.amazonaws.com",
            "id": "anuvind_eks_cluster",
            "identity": [
              {
                "oidc": [
                  {
                    "issuer": "https://oidc.eks.ap-southeast-1.amazonaws.com/id/72C03688CF9E396FB68E220591980273"
                  }
                ]
              }
            ],
            "kubernetes_network_config": [
              {
                "ip_family": "ipv4",
                "service_ipv4_cidr": "172.20.0.0/16",
                "service_ipv6_cidr": ""
              }
            ],
            "name": "anuvind_eks_cluster",
            "outpost_config": [],
            "platform_version": "eks.4",
            "role_arn": "arn:aws:iam::692107548034:role/anuvind_eks-trial-cluster-role",
            "status": "ACTIVE",
            "tags": null,
            "tags_all": {},
            "timeouts": null,
            "version": "1.28",
            "vpc_config": [
              {
                "cluster_security_group_id": "sg-015332ca128ab89ea",
                "endpoint_private_access": false,
                "endpoint_public_access": true,
                "public_access_cidrs": [
                  "0.0.0.0/0"
                ],
                "security_group_ids": null,
                "subnet_ids": [
                  "subnet-04126f5dd58a7e10f",
                  "subnet-0b448c0ccbab057bb"
                ],
                "vpc_id": "vpc-0b6d62942fef65a24"
              }
            ]
          },
          "sensitive_attributes": [],
          "private": "eyJlMmJmYjczMC1lY2FhLTExZTYtOGY4OC0zNDM2M2JjN2M0YzAiOnsiY3JlYXRlIjoxODAwMDAwMDAwMDAwLCJkZWxldGUiOjkwMDAwMDAwMDAwMCwidXBkYXRlIjozNjAwMDAwMDAwMDAwfX0=",
          "dependencies": [
            "module.eks_launch.aws_iam_role.role_cluster",
            "module.eks_launch.data.aws_iam_policy_document.assume_role",
            "module.vpc_launch.aws_subnet.eks_pubsubnet",
            "module.vpc_launch.aws_vpc.vpc_eks_learn"
          ]
        }
      ]
    },
    {
      "module": "module.eks_launch",
      "mode": "managed",
      "type": "aws_iam_role",
      "name": "role_cluster",
      "provider": "provider[\"registry.terraform.io/hashicorp/aws\"]",
      "instances": [
        {
          "schema_version": 0,
          "attributes": {
            "arn": "arn:aws:iam::692107548034:role/anuvind_eks-trial-cluster-role",
            "assume_role_policy": "{\"Statement\":[{\"Action\":\"sts:AssumeRole\",\"Effect\":\"Allow\",\"Principal\":{\"Service\":\"eks.amazonaws.com\"}}],\"Version\":\"2012-10-17\"}",
            "create_date": "2023-11-10T11:55:14Z",
            "description": "",
            "force_detach_policies": false,
            "id": "anuvind_eks-trial-cluster-role",
            "inline_policy": [],
            "managed_policy_arns": [
              "arn:aws:iam::aws:policy/AmazonEKSClusterPolicy",
              "arn:aws:iam::aws:policy/AmazonEKSVPCResourceController"
            ],
            "max_session_duration": 3600,
            "name": "anuvind_eks-trial-cluster-role",
            "name_prefix": "",
            "path": "/",
            "permissions_boundary": "",
            "tags": {},
            "tags_all": {},
            "unique_id": "AROA2CJGTCWBOPXNO6OUX"
          },
          "sensitive_attributes": [],
          "private": "bnVsbA==",
          "dependencies": [
            "module.eks_launch.data.aws_iam_policy_document.assume_role"
          ]
        }
      ]
    },
    {
      "module": "module.eks_launch",
      "mode": "managed",
      "type": "aws_iam_role_policy_attachment",
      "name": "AmazonEKSClusterPolicy",
      "provider": "provider[\"registry.terraform.io/hashicorp/aws\"]",
      "instances": [
        {
          "schema_version": 0,
          "attributes": {
            "id": "anuvind_eks-trial-cluster-role-20231110115515684900000002",
            "policy_arn": "arn:aws:iam::aws:policy/AmazonEKSClusterPolicy",
            "role": "anuvind_eks-trial-cluster-role"
          },
          "sensitive_attributes": [],
          "private": "bnVsbA==",
          "dependencies": [
            "module.eks_launch.aws_iam_role.role_cluster",
            "module.eks_launch.data.aws_iam_policy_document.assume_role"
          ]
        }
      ]
    },
    {
      "module": "module.eks_launch",
      "mode": "managed",
      "type": "aws_iam_role_policy_attachment",
      "name": "AmazonEKSVPCResourceControllerPolicy",
      "provider": "provider[\"registry.terraform.io/hashicorp/aws\"]",
      "instances": [
        {
          "schema_version": 0,
          "attributes": {
            "id": "anuvind_eks-trial-cluster-role-20231110115515644800000001",
            "policy_arn": "arn:aws:iam::aws:policy/AmazonEKSVPCResourceController",
            "role": "anuvind_eks-trial-cluster-role"
          },
          "sensitive_attributes": [],
          "private": "bnVsbA==",
          "dependencies": [
            "module.eks_launch.aws_iam_role.role_cluster",
            "module.eks_launch.data.aws_iam_policy_document.assume_role"
          ]
        }
      ]
    },
    {
      "module": "module.nat_ec2_launch",
      "mode": "managed",
      "type": "aws_instance",
      "name": "eks_terra_nat_inst",
      "provider": "provider[\"registry.terraform.io/hashicorp/aws\"]",
      "instances": [
        {
          "schema_version": 1,
          "attributes": {
            "ami": "ami-078c1149d8ad719a7",
            "arn": "arn:aws:ec2:ap-southeast-1:692107548034:instance/i-0543e6e15441388de",
            "associate_public_ip_address": true,
            "availability_zone": "ap-southeast-1a",
            "capacity_reservation_specification": [
              {
                "capacity_reservation_preference": "open",
                "capacity_reservation_target": []
              }
            ],
            "cpu_core_count": 1,
            "cpu_options": [
              {
                "amd_sev_snp": "",
                "core_count": 1,
                "threads_per_core": 1
              }
            ],
            "cpu_threads_per_core": 1,
            "credit_specification": [
              {
                "cpu_credits": "standard"
              }
            ],
            "disable_api_stop": false,
            "disable_api_termination": false,
            "ebs_block_device": [],
            "ebs_optimized": false,
            "enclave_options": [
              {
                "enabled": false
              }
            ],
            "ephemeral_block_device": [],
            "get_password_data": false,
            "hibernation": false,
            "host_id": "",
            "host_resource_group_arn": null,
            "iam_instance_profile": "",
            "id": "i-0543e6e15441388de",
            "instance_initiated_shutdown_behavior": "stop",
            "instance_lifecycle": "",
            "instance_market_options": [],
            "instance_state": "running",
            "instance_type": "t2.micro",
            "ipv6_address_count": 0,
            "ipv6_addresses": [],
            "key_name": "anuvind_key_1",
            "launch_template": [],
            "maintenance_options": [
              {
                "auto_recovery": "default"
              }
            ],
            "metadata_options": [
              {
                "http_endpoint": "enabled",
                "http_protocol_ipv6": "disabled",
                "http_put_response_hop_limit": 1,
                "http_tokens": "optional",
                "instance_metadata_tags": "disabled"
              }
            ],
            "monitoring": false,
            "network_interface": [
              {
                "delete_on_termination": false,
                "device_index": 0,
                "network_card_index": 0,
                "network_interface_id": "eni-0d75538db84a61b6b"
              }
            ],
            "outpost_arn": "",
            "password_data": "",
            "placement_group": "",
            "placement_partition_number": 0,
            "primary_network_interface_id": "eni-0d75538db84a61b6b",
            "private_dns": "ip-10-5-1-110.ap-southeast-1.compute.internal",
            "private_dns_name_options": [
              {
                "enable_resource_name_dns_a_record": false,
                "enable_resource_name_dns_aaaa_record": false,
                "hostname_type": "ip-name"
              }
            ],
            "private_ip": "10.5.1.110",
            "public_dns": "",
            "public_ip": "54.169.70.254",
            "root_block_device": [
              {
                "delete_on_termination": true,
                "device_name": "/dev/sda1",
                "encrypted": false,
                "iops": 100,
                "kms_key_id": "",
                "tags": {},
                "throughput": 0,
                "volume_id": "vol-0438b2b61b23e15b3",
                "volume_size": 8,
                "volume_type": "gp2"
              }
            ],
            "secondary_private_ips": [],
            "security_groups": [],
            "source_dest_check": false,
            "spot_instance_request_id": "",
            "subnet_id": "subnet-04126f5dd58a7e10f",
            "tags": {
              "Name": "anuvind_nat_instance"
            },
            "tags_all": {
              "Name": "anuvind_nat_instance"
            },
            "tenancy": "default",
            "timeouts": null,
            "user_data": "0f09efd0f9e70d8a41e9789fcef98d692d2a657f",
            "user_data_base64": null,
            "user_data_replace_on_change": false,
            "volume_tags": null,
            "vpc_security_group_ids": [
              "sg-0ffd25d0d9a2ab418"
            ]
          },
          "sensitive_attributes": [],
          "private": "eyJlMmJmYjczMC1lY2FhLTExZTYtOGY4OC0zNDM2M2JjN2M0YzAiOnsiY3JlYXRlIjo2MDAwMDAwMDAwMDAsImRlbGV0ZSI6MTIwMDAwMDAwMDAwMCwidXBkYXRlIjo2MDAwMDAwMDAwMDB9LCJzY2hlbWFfdmVyc2lvbiI6IjEifQ==",
          "dependencies": [
            "module.vpc_launch.aws_network_interface.public_instance_network_interface",
            "module.vpc_launch.aws_security_group.nat_instance_sg",
            "module.vpc_launch.aws_subnet.eks_pubsubnet",
            "module.vpc_launch.aws_vpc.vpc_eks_learn"
          ]
        }
      ]
    },
    {
      "module": "module.node_launch",
      "mode": "managed",
      "type": "aws_eks_node_group",
      "name": "eks-node",
      "provider": "provider[\"registry.terraform.io/hashicorp/aws\"]",
      "instances": [
        {
          "schema_version": 0,
          "attributes": {
            "ami_type": "AL2_x86_64",
            "arn": "arn:aws:eks:ap-southeast-1:692107548034:nodegroup/anuvind_eks_cluster/eks-node/0ac5dc9a-3d82-7913-0022-f0c285f48dec",
            "capacity_type": "ON_DEMAND",
            "cluster_name": "anuvind_eks_cluster",
            "disk_size": 20,
            "force_update_version": null,
            "id": "anuvind_eks_cluster:eks-node",
            "instance_types": [
              "t2.small"
            ],
            "labels": null,
            "launch_template": [],
            "node_group_name": "eks-node",
            "node_group_name_prefix": "",
            "node_role_arn": "arn:aws:iam::692107548034:role/anuvind_eks-node-group-role",
            "release_version": "1.28.3-20231106",
            "remote_access": [],
            "resources": [
              {
                "autoscaling_groups": [
                  {
                    "name": "eks-eks-node-0ac5dc9a-3d82-7913-0022-f0c285f48dec"
                  }
                ],
                "remote_access_security_group_id": ""
              }
            ],
            "scaling_config": [
              {
                "desired_size": 1,
                "max_size": 2,
                "min_size": 1
              }
            ],
            "status": "ACTIVE",
            "subnet_ids": [
              "subnet-04126f5dd58a7e10f",
              "subnet-0b448c0ccbab057bb"
            ],
            "tags": null,
            "tags_all": {},
            "taint": [],
            "timeouts": null,
            "update_config": [
              {
                "max_unavailable": 1,
                "max_unavailable_percentage": 0
              }
            ],
            "version": "1.28"
          },
          "sensitive_attributes": [],
          "private": "eyJlMmJmYjczMC1lY2FhLTExZTYtOGY4OC0zNDM2M2JjN2M0YzAiOnsiY3JlYXRlIjozNjAwMDAwMDAwMDAwLCJkZWxldGUiOjM2MDAwMDAwMDAwMDAsInVwZGF0ZSI6MzYwMDAwMDAwMDAwMH19",
          "dependencies": [
            "module.eks_launch.aws_eks_cluster.first",
            "module.eks_launch.aws_iam_role.role_cluster",
            "module.eks_launch.data.aws_iam_policy_document.assume_role",
            "module.node_launch.aws_iam_role.node-rule",
            "module.node_launch.aws_iam_role_policy_attachment.AmazonEC2ContainerRegistryReadOnly",
            "module.node_launch.aws_iam_role_policy_attachment.AmazonEKSWorkerNodePolicy",
            "module.node_launch.aws_iam_role_policy_attachment.AmazonEKS_CNI_Policy",
            "module.vpc_launch.aws_subnet.eks_pubsubnet",
            "module.vpc_launch.aws_vpc.vpc_eks_learn"
          ]
        }
      ]
    },
    {
      "module": "module.node_launch",
      "mode": "managed",
      "type": "aws_iam_role",
      "name": "node-rule",
      "provider": "provider[\"registry.terraform.io/hashicorp/aws\"]",
      "instances": [
        {
          "schema_version": 0,
          "attributes": {
            "arn": "arn:aws:iam::692107548034:role/anuvind_eks-node-group-role",
            "assume_role_policy": "{\"Statement\":[{\"Action\":\"sts:AssumeRole\",\"Effect\":\"Allow\",\"Principal\":{\"Service\":\"ec2.amazonaws.com\"}}],\"Version\":\"2012-10-17\"}",
            "create_date": "2023-11-10T11:55:14Z",
            "description": "",
            "force_detach_policies": false,
            "id": "anuvind_eks-node-group-role",
            "inline_policy": [],
            "managed_policy_arns": [
              "arn:aws:iam::aws:policy/AmazonEC2ContainerRegistryReadOnly",
              "arn:aws:iam::aws:policy/AmazonEKSWorkerNodePolicy",
              "arn:aws:iam::aws:policy/AmazonEKS_CNI_Policy"
            ],
            "max_session_duration": 3600,
            "name": "anuvind_eks-node-group-role",
            "name_prefix": "",
            "path": "/",
            "permissions_boundary": "",
            "tags": {},
            "tags_all": {},
            "unique_id": "AROA2CJGTCWBASENTBWSP"
          },
          "sensitive_attributes": [],
          "private": "bnVsbA=="
        }
      ]
    },
    {
      "module": "module.node_launch",
      "mode": "managed",
      "type": "aws_iam_role_policy_attachment",
      "name": "AmazonEC2ContainerRegistryReadOnly",
      "provider": "provider[\"registry.terraform.io/hashicorp/aws\"]",
      "instances": [
        {
          "schema_version": 0,
          "attributes": {
            "id": "anuvind_eks-node-group-role-20231110115515961900000003",
            "policy_arn": "arn:aws:iam::aws:policy/AmazonEC2ContainerRegistryReadOnly",
            "role": "anuvind_eks-node-group-role"
          },
          "sensitive_attributes": [],
          "private": "bnVsbA==",
          "dependencies": [
            "module.node_launch.aws_iam_role.node-rule"
          ]
        }
      ]
    },
    {
      "module": "module.node_launch",
      "mode": "managed",
      "type": "aws_iam_role_policy_attachment",
      "name": "AmazonEKSWorkerNodePolicy",
      "provider": "provider[\"registry.terraform.io/hashicorp/aws\"]",
      "instances": [
        {
          "schema_version": 0,
          "attributes": {
            "id": "anuvind_eks-node-group-role-20231110115516286700000005",
            "policy_arn": "arn:aws:iam::aws:policy/AmazonEKSWorkerNodePolicy",
            "role": "anuvind_eks-node-group-role"
          },
          "sensitive_attributes": [],
          "private": "bnVsbA==",
          "dependencies": [
            "module.node_launch.aws_iam_role.node-rule"
          ]
        }
      ]
    },
    {
      "module": "module.node_launch",
      "mode": "managed",
      "type": "aws_iam_role_policy_attachment",
      "name": "AmazonEKS_CNI_Policy",
      "provider": "provider[\"registry.terraform.io/hashicorp/aws\"]",
      "instances": [
        {
          "schema_version": 0,
          "attributes": {
            "id": "anuvind_eks-node-group-role-20231110115516285500000004",
            "policy_arn": "arn:aws:iam::aws:policy/AmazonEKS_CNI_Policy",
            "role": "anuvind_eks-node-group-role"
          },
          "sensitive_attributes": [],
          "private": "bnVsbA==",
          "dependencies": [
            "module.node_launch.aws_iam_role.node-rule"
          ]
        }
      ]
    },
    {
      "module": "module.vpc_launch",
      "mode": "managed",
      "type": "aws_internet_gateway",
      "name": "EKS_gateway",
      "provider": "provider[\"registry.terraform.io/hashicorp/aws\"]",
      "instances": [
        {
          "schema_version": 0,
          "attributes": {
            "arn": "arn:aws:ec2:ap-southeast-1:692107548034:internet-gateway/igw-0a78b1e3e0d880c69",
            "id": "igw-0a78b1e3e0d880c69",
            "owner_id": "692107548034",
            "tags": {
              "Name": "anuvind_igw"
            },
            "tags_all": {
              "Name": "anuvind_igw"
            },
            "timeouts": null,
            "vpc_id": "vpc-0b6d62942fef65a24"
          },
          "sensitive_attributes": [],
          "private": "eyJlMmJmYjczMC1lY2FhLTExZTYtOGY4OC0zNDM2M2JjN2M0YzAiOnsiY3JlYXRlIjoxMjAwMDAwMDAwMDAwLCJkZWxldGUiOjEyMDAwMDAwMDAwMDAsInVwZGF0ZSI6MTIwMDAwMDAwMDAwMH19",
          "dependencies": [
            "module.vpc_launch.aws_vpc.vpc_eks_learn"
          ]
        }
      ]
    },
    {
      "module": "module.vpc_launch",
      "mode": "managed",
      "type": "aws_network_interface",
      "name": "public_instance_network_interface",
      "provider": "provider[\"registry.terraform.io/hashicorp/aws\"]",
      "instances": [
        {
          "schema_version": 0,
          "attributes": {
            "arn": "arn:aws:ec2:ap-southeast-1:692107548034:network-interface/eni-0d75538db84a61b6b",
            "attachment": [
              {
                "attachment_id": "eni-attach-06d0ab76ddf9314a2",
                "device_index": 0,
                "instance": "i-0543e6e15441388de"
              }
            ],
            "description": "",
            "id": "eni-0d75538db84a61b6b",
            "interface_type": "interface",
            "ipv4_prefix_count": 0,
            "ipv4_prefixes": [],
            "ipv6_address_count": 0,
            "ipv6_address_list": [],
            "ipv6_address_list_enabled": false,
            "ipv6_addresses": [],
            "ipv6_prefix_count": 0,
            "ipv6_prefixes": [],
            "mac_address": "02:52:6c:82:c3:3a",
            "outpost_arn": "",
            "owner_id": "692107548034",
            "private_dns_name": "",
            "private_ip": "10.5.1.110",
            "private_ip_list": [
              "10.5.1.110"
            ],
            "private_ip_list_enabled": false,
            "private_ips": [
              "10.5.1.110"
            ],
            "private_ips_count": 0,
            "security_groups": [
              "sg-0ffd25d0d9a2ab418"
            ],
            "source_dest_check": false,
            "subnet_id": "subnet-04126f5dd58a7e10f",
            "tags": {},
            "tags_all": {}
          },
          "sensitive_attributes": [],
          "private": "bnVsbA==",
          "dependencies": [
            "module.vpc_launch.aws_security_group.nat_instance_sg",
            "module.vpc_launch.aws_subnet.eks_pubsubnet",
            "module.vpc_launch.aws_vpc.vpc_eks_learn"
          ]
        }
      ]
    },
    {
      "module": "module.vpc_launch",
      "mode": "managed",
      "type": "aws_route_table",
      "name": "EKS_route_table",
      "provider": "provider[\"registry.terraform.io/hashicorp/aws\"]",
      "instances": [
        {
          "schema_version": 0,
          "attributes": {
            "arn": "arn:aws:ec2:ap-southeast-1:692107548034:route-table/rtb-0eca3c021121a4dde",
            "id": "rtb-0eca3c021121a4dde",
            "owner_id": "692107548034",
            "propagating_vgws": [],
            "route": [
              {
                "carrier_gateway_id": "",
                "cidr_block": "0.0.0.0/0",
                "core_network_arn": "",
                "destination_prefix_list_id": "",
                "egress_only_gateway_id": "",
                "gateway_id": "igw-0a78b1e3e0d880c69",
                "ipv6_cidr_block": "",
                "local_gateway_id": "",
                "nat_gateway_id": "",
                "network_interface_id": "",
                "transit_gateway_id": "",
                "vpc_endpoint_id": "",
                "vpc_peering_connection_id": ""
              }
            ],
            "tags": {
              "Name": "anuvind_anuvind_vpc_ROUTE_TABLE"
            },
            "tags_all": {
              "Name": "anuvind_anuvind_vpc_ROUTE_TABLE"
            },
            "timeouts": null,
            "vpc_id": "vpc-0b6d62942fef65a24"
          },
          "sensitive_attributes": [],
          "private": "eyJlMmJmYjczMC1lY2FhLTExZTYtOGY4OC0zNDM2M2JjN2M0YzAiOnsiY3JlYXRlIjozMDAwMDAwMDAwMDAsImRlbGV0ZSI6MzAwMDAwMDAwMDAwLCJ1cGRhdGUiOjEyMDAwMDAwMDAwMH19",
          "dependencies": [
            "module.vpc_launch.aws_internet_gateway.EKS_gateway",
            "module.vpc_launch.aws_vpc.vpc_eks_learn"
          ]
        }
      ]
    },
    {
      "module": "module.vpc_launch",
      "mode": "managed",
      "type": "aws_route_table",
      "name": "EKS_route_table_private",
      "provider": "provider[\"registry.terraform.io/hashicorp/aws\"]",
      "instances": [
        {
          "schema_version": 0,
          "attributes": {
            "arn": "arn:aws:ec2:ap-southeast-1:692107548034:route-table/rtb-0dafd761848aa866b",
            "id": "rtb-0dafd761848aa866b",
            "owner_id": "692107548034",
            "propagating_vgws": [],
            "route": [
              {
                "carrier_gateway_id": "",
                "cidr_block": "0.0.0.0/0",
                "core_network_arn": "",
                "destination_prefix_list_id": "",
                "egress_only_gateway_id": "",
                "gateway_id": "",
                "ipv6_cidr_block": "",
                "local_gateway_id": "",
                "nat_gateway_id": "",
                "network_interface_id": "eni-0d75538db84a61b6b",
                "transit_gateway_id": "",
                "vpc_endpoint_id": "",
                "vpc_peering_connection_id": ""
              }
            ],
            "tags": {
              "Name": "anuvind_PRIVATE_anuvind_vpc_ROUTE_TABLE"
            },
            "tags_all": {
              "Name": "anuvind_PRIVATE_anuvind_vpc_ROUTE_TABLE"
            },
            "timeouts": null,
            "vpc_id": "vpc-0b6d62942fef65a24"
          },
          "sensitive_attributes": [],
          "private": "eyJlMmJmYjczMC1lY2FhLTExZTYtOGY4OC0zNDM2M2JjN2M0YzAiOnsiY3JlYXRlIjozMDAwMDAwMDAwMDAsImRlbGV0ZSI6MzAwMDAwMDAwMDAwLCJ1cGRhdGUiOjEyMDAwMDAwMDAwMH19",
          "dependencies": [
            "module.vpc_launch.aws_network_interface.public_instance_network_interface",
            "module.vpc_launch.aws_security_group.nat_instance_sg",
            "module.vpc_launch.aws_subnet.eks_pubsubnet",
            "module.vpc_launch.aws_vpc.vpc_eks_learn"
          ]
        }
      ]
    },
    {
      "module": "module.vpc_launch",
      "mode": "managed",
      "type": "aws_route_table_association",
      "name": "EKS_ASSO",
      "provider": "provider[\"registry.terraform.io/hashicorp/aws\"]",
      "instances": [
        {
          "index_key": 0,
          "schema_version": 0,
          "attributes": {
            "gateway_id": "",
            "id": "rtbassoc-0fe47e04afb83dd9d",
            "route_table_id": "rtb-0eca3c021121a4dde",
            "subnet_id": "subnet-04126f5dd58a7e10f",
            "timeouts": null
          },
          "sensitive_attributes": [],
          "private": "eyJlMmJmYjczMC1lY2FhLTExZTYtOGY4OC0zNDM2M2JjN2M0YzAiOnsiY3JlYXRlIjozMDAwMDAwMDAwMDAsImRlbGV0ZSI6MzAwMDAwMDAwMDAwLCJ1cGRhdGUiOjEyMDAwMDAwMDAwMH19",
          "dependencies": [
            "module.vpc_launch.aws_internet_gateway.EKS_gateway",
            "module.vpc_launch.aws_route_table.EKS_route_table",
            "module.vpc_launch.aws_subnet.eks_pubsubnet",
            "module.vpc_launch.aws_vpc.vpc_eks_learn"
          ]
        },
        {
          "index_key": 1,
          "schema_version": 0,
          "attributes": {
            "gateway_id": "",
            "id": "rtbassoc-0ad8ff8bb7b9c80a1",
            "route_table_id": "rtb-0eca3c021121a4dde",
            "subnet_id": "subnet-0b448c0ccbab057bb",
            "timeouts": null
          },
          "sensitive_attributes": [],
          "private": "eyJlMmJmYjczMC1lY2FhLTExZTYtOGY4OC0zNDM2M2JjN2M0YzAiOnsiY3JlYXRlIjozMDAwMDAwMDAwMDAsImRlbGV0ZSI6MzAwMDAwMDAwMDAwLCJ1cGRhdGUiOjEyMDAwMDAwMDAwMH19",
          "dependencies": [
            "module.vpc_launch.aws_internet_gateway.EKS_gateway",
            "module.vpc_launch.aws_route_table.EKS_route_table",
            "module.vpc_launch.aws_subnet.eks_pubsubnet",
            "module.vpc_launch.aws_vpc.vpc_eks_learn"
          ]
        }
      ]
    },
    {
      "module": "module.vpc_launch",
      "mode": "managed",
      "type": "aws_route_table_association",
      "name": "EKS_ASSO_private",
      "provider": "provider[\"registry.terraform.io/hashicorp/aws\"]",
      "instances": [
        {
          "index_key": 0,
          "schema_version": 0,
          "attributes": {
            "gateway_id": "",
            "id": "rtbassoc-08b5315d76f9a7fd1",
            "route_table_id": "rtb-0dafd761848aa866b",
            "subnet_id": "subnet-05549b98c926245cf",
            "timeouts": null
          },
          "sensitive_attributes": [],
          "private": "eyJlMmJmYjczMC1lY2FhLTExZTYtOGY4OC0zNDM2M2JjN2M0YzAiOnsiY3JlYXRlIjozMDAwMDAwMDAwMDAsImRlbGV0ZSI6MzAwMDAwMDAwMDAwLCJ1cGRhdGUiOjEyMDAwMDAwMDAwMH19",
          "dependencies": [
            "module.vpc_launch.aws_network_interface.public_instance_network_interface",
            "module.vpc_launch.aws_route_table.EKS_route_table_private",
            "module.vpc_launch.aws_security_group.nat_instance_sg",
            "module.vpc_launch.aws_subnet.eks_privsubnet",
            "module.vpc_launch.aws_subnet.eks_pubsubnet",
            "module.vpc_launch.aws_vpc.vpc_eks_learn"
          ]
        },
        {
          "index_key": 1,
          "schema_version": 0,
          "attributes": {
            "gateway_id": "",
            "id": "rtbassoc-097fdce93c5de6cee",
            "route_table_id": "rtb-0dafd761848aa866b",
            "subnet_id": "subnet-0dcdf766e5854f787",
            "timeouts": null
          },
          "sensitive_attributes": [],
          "private": "eyJlMmJmYjczMC1lY2FhLTExZTYtOGY4OC0zNDM2M2JjN2M0YzAiOnsiY3JlYXRlIjozMDAwMDAwMDAwMDAsImRlbGV0ZSI6MzAwMDAwMDAwMDAwLCJ1cGRhdGUiOjEyMDAwMDAwMDAwMH19",
          "dependencies": [
            "module.vpc_launch.aws_network_interface.public_instance_network_interface",
            "module.vpc_launch.aws_route_table.EKS_route_table_private",
            "module.vpc_launch.aws_security_group.nat_instance_sg",
            "module.vpc_launch.aws_subnet.eks_privsubnet",
            "module.vpc_launch.aws_subnet.eks_pubsubnet",
            "module.vpc_launch.aws_vpc.vpc_eks_learn"
          ]
        }
      ]
    },
    {
      "module": "module.vpc_launch",
      "mode": "managed",
      "type": "aws_security_group",
      "name": "nat_instance_sg",
      "provider": "provider[\"registry.terraform.io/hashicorp/aws\"]",
      "instances": [
        {
          "schema_version": 1,
          "attributes": {
            "arn": "arn:aws:ec2:ap-southeast-1:692107548034:security-group/sg-0ffd25d0d9a2ab418",
            "description": "Security group for NAT instance",
            "egress": [
              {
                "cidr_blocks": [
                  "0.0.0.0/0"
                ],
                "description": "",
                "from_port": 0,
                "ipv6_cidr_blocks": [],
                "prefix_list_ids": [],
                "protocol": "-1",
                "security_groups": [],
                "self": false,
                "to_port": 0
              }
            ],
            "id": "sg-0ffd25d0d9a2ab418",
            "ingress": [
              {
                "cidr_blocks": [
                  "0.0.0.0/0"
                ],
                "description": "",
                "from_port": -1,
                "ipv6_cidr_blocks": [],
                "prefix_list_ids": [],
                "protocol": "icmp",
                "security_groups": [],
                "self": false,
                "to_port": -1
              },
              {
                "cidr_blocks": [
                  "0.0.0.0/0"
                ],
                "description": "",
                "from_port": 22,
                "ipv6_cidr_blocks": [],
                "prefix_list_ids": [],
                "protocol": "tcp",
                "security_groups": [],
                "self": false,
                "to_port": 22
              },
              {
                "cidr_blocks": [
                  "10.5.3.0/24",
                  "10.5.4.0/24"
                ],
                "description": "",
                "from_port": 443,
                "ipv6_cidr_blocks": [],
                "prefix_list_ids": [],
                "protocol": "tcp",
                "security_groups": [],
                "self": false,
                "to_port": 443
              },
              {
                "cidr_blocks": [
                  "10.5.3.0/24",
                  "10.5.4.0/24"
                ],
                "description": "",
                "from_port": 80,
                "ipv6_cidr_blocks": [],
                "prefix_list_ids": [],
                "protocol": "tcp",
                "security_groups": [],
                "self": false,
                "to_port": 80
              }
            ],
            "name": "anuvind_nat-instance-sg",
            "name_prefix": "",
            "owner_id": "692107548034",
            "revoke_rules_on_delete": false,
            "tags": {},
            "tags_all": {},
            "timeouts": null,
            "vpc_id": "vpc-0b6d62942fef65a24"
          },
          "sensitive_attributes": [],
          "private": "eyJlMmJmYjczMC1lY2FhLTExZTYtOGY4OC0zNDM2M2JjN2M0YzAiOnsiY3JlYXRlIjo2MDAwMDAwMDAwMDAsImRlbGV0ZSI6OTAwMDAwMDAwMDAwfSwic2NoZW1hX3ZlcnNpb24iOiIxIn0=",
          "dependencies": [
            "module.vpc_launch.aws_vpc.vpc_eks_learn"
          ]
        }
      ]
    },
    {
      "module": "module.vpc_launch",
      "mode": "managed",
      "type": "aws_subnet",
      "name": "eks_privsubnet",
      "provider": "provider[\"registry.terraform.io/hashicorp/aws\"]",
      "instances": [
        {
          "index_key": 0,
          "schema_version": 1,
          "attributes": {
            "arn": "arn:aws:ec2:ap-southeast-1:692107548034:subnet/subnet-05549b98c926245cf",
            "assign_ipv6_address_on_creation": false,
            "availability_zone": "ap-southeast-1a",
            "availability_zone_id": "apse1-az1",
            "cidr_block": "10.5.3.0/24",
            "customer_owned_ipv4_pool": "",
            "enable_dns64": false,
            "enable_lni_at_device_index": 0,
            "enable_resource_name_dns_a_record_on_launch": false,
            "enable_resource_name_dns_aaaa_record_on_launch": false,
            "id": "subnet-05549b98c926245cf",
            "ipv6_cidr_block": "",
            "ipv6_cidr_block_association_id": "",
            "ipv6_native": false,
            "map_customer_owned_ip_on_launch": false,
            "map_public_ip_on_launch": false,
            "outpost_arn": "",
            "owner_id": "692107548034",
            "private_dns_hostname_type_on_launch": "ip-name",
            "tags": {
              "Name": "anuvind_vpc_1"
            },
            "tags_all": {
              "Name": "anuvind_vpc_1"
            },
            "timeouts": null,
            "vpc_id": "vpc-0b6d62942fef65a24"
          },
          "sensitive_attributes": [],
          "private": "eyJlMmJmYjczMC1lY2FhLTExZTYtOGY4OC0zNDM2M2JjN2M0YzAiOnsiY3JlYXRlIjo2MDAwMDAwMDAwMDAsImRlbGV0ZSI6MTIwMDAwMDAwMDAwMH0sInNjaGVtYV92ZXJzaW9uIjoiMSJ9",
          "dependencies": [
            "module.vpc_launch.aws_vpc.vpc_eks_learn"
          ]
        },
        {
          "index_key": 1,
          "schema_version": 1,
          "attributes": {
            "arn": "arn:aws:ec2:ap-southeast-1:692107548034:subnet/subnet-0dcdf766e5854f787",
            "assign_ipv6_address_on_creation": false,
            "availability_zone": "ap-southeast-1b",
            "availability_zone_id": "apse1-az2",
            "cidr_block": "10.5.4.0/24",
            "customer_owned_ipv4_pool": "",
            "enable_dns64": false,
            "enable_lni_at_device_index": 0,
            "enable_resource_name_dns_a_record_on_launch": false,
            "enable_resource_name_dns_aaaa_record_on_launch": false,
            "id": "subnet-0dcdf766e5854f787",
            "ipv6_cidr_block": "",
            "ipv6_cidr_block_association_id": "",
            "ipv6_native": false,
            "map_customer_owned_ip_on_launch": false,
            "map_public_ip_on_launch": false,
            "outpost_arn": "",
            "owner_id": "692107548034",
            "private_dns_hostname_type_on_launch": "ip-name",
            "tags": {
              "Name": "anuvind_vpc_2"
            },
            "tags_all": {
              "Name": "anuvind_vpc_2"
            },
            "timeouts": null,
            "vpc_id": "vpc-0b6d62942fef65a24"
          },
          "sensitive_attributes": [],
          "private": "eyJlMmJmYjczMC1lY2FhLTExZTYtOGY4OC0zNDM2M2JjN2M0YzAiOnsiY3JlYXRlIjo2MDAwMDAwMDAwMDAsImRlbGV0ZSI6MTIwMDAwMDAwMDAwMH0sInNjaGVtYV92ZXJzaW9uIjoiMSJ9",
          "dependencies": [
            "module.vpc_launch.aws_vpc.vpc_eks_learn"
          ]
        }
      ]
    },
    {
      "module": "module.vpc_launch",
      "mode": "managed",
      "type": "aws_subnet",
      "name": "eks_pubsubnet",
      "provider": "provider[\"registry.terraform.io/hashicorp/aws\"]",
      "instances": [
        {
          "index_key": 0,
          "schema_version": 1,
          "attributes": {
            "arn": "arn:aws:ec2:ap-southeast-1:692107548034:subnet/subnet-04126f5dd58a7e10f",
            "assign_ipv6_address_on_creation": false,
            "availability_zone": "ap-southeast-1a",
            "availability_zone_id": "apse1-az1",
            "cidr_block": "10.5.1.0/24",
            "customer_owned_ipv4_pool": "",
            "enable_dns64": false,
            "enable_lni_at_device_index": 0,
            "enable_resource_name_dns_a_record_on_launch": false,
            "enable_resource_name_dns_aaaa_record_on_launch": false,
            "id": "subnet-04126f5dd58a7e10f",
            "ipv6_cidr_block": "",
            "ipv6_cidr_block_association_id": "",
            "ipv6_native": false,
            "map_customer_owned_ip_on_launch": false,
            "map_public_ip_on_launch": true,
            "outpost_arn": "",
            "owner_id": "692107548034",
            "private_dns_hostname_type_on_launch": "ip-name",
            "tags": {
              "Name": "anuvind_vpc_1"
            },
            "tags_all": {
              "Name": "anuvind_vpc_1"
            },
            "timeouts": null,
            "vpc_id": "vpc-0b6d62942fef65a24"
          },
          "sensitive_attributes": [],
          "private": "eyJlMmJmYjczMC1lY2FhLTExZTYtOGY4OC0zNDM2M2JjN2M0YzAiOnsiY3JlYXRlIjo2MDAwMDAwMDAwMDAsImRlbGV0ZSI6MTIwMDAwMDAwMDAwMH0sInNjaGVtYV92ZXJzaW9uIjoiMSJ9",
          "dependencies": [
            "module.vpc_launch.aws_vpc.vpc_eks_learn"
          ]
        },
        {
          "index_key": 1,
          "schema_version": 1,
          "attributes": {
            "arn": "arn:aws:ec2:ap-southeast-1:692107548034:subnet/subnet-0b448c0ccbab057bb",
            "assign_ipv6_address_on_creation": false,
            "availability_zone": "ap-southeast-1b",
            "availability_zone_id": "apse1-az2",
            "cidr_block": "10.5.2.0/24",
            "customer_owned_ipv4_pool": "",
            "enable_dns64": false,
            "enable_lni_at_device_index": 0,
            "enable_resource_name_dns_a_record_on_launch": false,
            "enable_resource_name_dns_aaaa_record_on_launch": false,
            "id": "subnet-0b448c0ccbab057bb",
            "ipv6_cidr_block": "",
            "ipv6_cidr_block_association_id": "",
            "ipv6_native": false,
            "map_customer_owned_ip_on_launch": false,
            "map_public_ip_on_launch": true,
            "outpost_arn": "",
            "owner_id": "692107548034",
            "private_dns_hostname_type_on_launch": "ip-name",
            "tags": {
              "Name": "anuvind_vpc_2"
            },
            "tags_all": {
              "Name": "anuvind_vpc_2"
            },
            "timeouts": null,
            "vpc_id": "vpc-0b6d62942fef65a24"
          },
          "sensitive_attributes": [],
          "private": "eyJlMmJmYjczMC1lY2FhLTExZTYtOGY4OC0zNDM2M2JjN2M0YzAiOnsiY3JlYXRlIjo2MDAwMDAwMDAwMDAsImRlbGV0ZSI6MTIwMDAwMDAwMDAwMH0sInNjaGVtYV92ZXJzaW9uIjoiMSJ9",
          "dependencies": [
            "module.vpc_launch.aws_vpc.vpc_eks_learn"
          ]
        }
      ]
    },
    {
      "module": "module.vpc_launch",
      "mode": "managed",
      "type": "aws_vpc",
      "name": "vpc_eks_learn",
      "provider": "provider[\"registry.terraform.io/hashicorp/aws\"]",
      "instances": [
        {
          "schema_version": 1,
          "attributes": {
            "arn": "arn:aws:ec2:ap-southeast-1:692107548034:vpc/vpc-0b6d62942fef65a24",
            "assign_generated_ipv6_cidr_block": false,
            "cidr_block": "10.5.0.0/16",
            "default_network_acl_id": "acl-0a0904f7f7dc9d08b",
            "default_route_table_id": "rtb-069e6b1444d69bfc1",
            "default_security_group_id": "sg-0d7b7884ed8cc7f42",
            "dhcp_options_id": "dopt-beaaa5d9",
            "enable_dns_hostnames": false,
            "enable_dns_support": true,
            "enable_network_address_usage_metrics": false,
            "id": "vpc-0b6d62942fef65a24",
            "instance_tenancy": "default",
            "ipv4_ipam_pool_id": null,
            "ipv4_netmask_length": null,
            "ipv6_association_id": "",
            "ipv6_cidr_block": "",
            "ipv6_cidr_block_network_border_group": "",
            "ipv6_ipam_pool_id": "",
            "ipv6_netmask_length": 0,
            "main_route_table_id": "rtb-069e6b1444d69bfc1",
            "owner_id": "692107548034",
            "tags": {
              "Name": "anuvind_vpc"
            },
            "tags_all": {
              "Name": "anuvind_vpc"
            }
          },
          "sensitive_attributes": [],
          "private": "eyJzY2hlbWFfdmVyc2lvbiI6IjEifQ=="
        }
      ]
    }
  ],
  "check_results": null
}
